
Microsoft Visual Studio Solution File, Format Version 12.00
# Visual Studio Version 17
VisualStudioVersion = 17.5.33516.290
MinimumVisualStudioVersion = 10.0.40219.1
Project("{FAE04EC0-301F-11D3-BF4B-00C04F79EFBC}") = "eshopping", "eshopping.csproj", "{ECF92A8D-D04F-406C-9D62-AF60441A4B72}"
EndProject
Global
	GlobalSection(SolutionConfigurationPlatforms) = preSolution
		Debug|Any CPU = Debug|Any CPU
		Release|Any CPU = Release|Any CPU
	EndGlobalSection
	GlobalSection(ProjectConfigurationPlatforms) = postSolution
		{ECF92A8D-D04F-406C-9D62-AF60441A4B72}.Debug|Any CPU.ActiveCfg = Debug|Any CPU
		{ECF92A8D-D04F-406C-9D62-AF60441A4B72}.Debug|Any CPU.Build.0 = Debug|Any CPU
		{ECF92A8D-D04F-406C-9D62-AF60441A4B72}.Release|Any CPU.ActiveCfg = Release|Any CPU
		{ECF92A8D-D04F-406C-9D62-AF60441A4B72}.Release|Any CPU.Build.0 = Release|Any CPU
	EndGlobalSection
	GlobalSection(SolutionProperties) = preSolution
		HideSolutionNode = FALSE
	EndGlobalSection
	GlobalSection(ExtensibilityGlobals) = postSolution
		SolutionGuid = {5E45CAD8-E8BF-4D1A-B1C4-EA90640401E2}
	EndGlobalSection
EndGlobal
